
Microsoft Visual Studio Solution File, Format Version 12.00
# Visual Studio Version 17
VisualStudioVersion = 17.4.33213.308
MinimumVisualStudioVersion = 10.0.40219.1
Project("{FAE04EC0-301F-11D3-BF4B-00C04F79EFBC}") = "PostServiceWebApplication", "PostServiceWebApplication\PostServiceWebApplication.csproj", "{69059755-FDC4-4CAA-800F-B93E6800EE8E}"
EndProject
Global
	GlobalSection(SolutionConfigurationPlatforms) = preSolution
		Debug|Any CPU = Debug|Any CPU
		Release|Any CPU = Release|Any CPU
	EndGlobalSection
	GlobalSection(ProjectConfigurationPlatforms) = postSolution
		{69059755-FDC4-4CAA-800F-B93E6800EE8E}.Debug|Any CPU.ActiveCfg = Debug|Any CPU
		{69059755-FDC4-4CAA-800F-B93E6800EE8E}.Debug|Any CPU.Build.0 = Debug|Any CPU
		{69059755-FDC4-4CAA-800F-B93E6800EE8E}.Release|Any CPU.ActiveCfg = Release|Any CPU
		{69059755-FDC4-4CAA-800F-B93E6800EE8E}.Release|Any CPU.Build.0 = Release|Any CPU
	EndGlobalSection
	GlobalSection(SolutionProperties) = preSolution
		HideSolutionNode = FALSE
	EndGlobalSection
	GlobalSection(ExtensibilityGlobals) = postSolution
		SolutionGuid = {24527746-3CBD-4786-B6A8-C04BE7A3EE22}
	EndGlobalSection
EndGlobal
